{
  "name": "new",
  "version": "1.0.0",
  "lockfileVersion": 1,
  "requires": true,
  "dependencies": {
    "@ivan-danilov996/ajs": {
      "version": "1.0.0",
      "resolved": "https://npm.pkg.github.com/download/@ivan-danilov996/ajs/1.0.0/1e53c93ce95a3f91ae91fefaf51ea1c25d87cbdcb0c54e918f0cf2afcccf2907",
      "integrity": "sha512-eKGfZRNIjoPjixHIxuGkhBqPSDqMBH+81WyA2JPfDpF68RHgyzlqZKqSPubf1sjeO9bex1h9W+X8dkQSVSV3SQ=="
    }
  }
}
